
Microsoft Visual Studio Solution File, Format Version 12.00
# Visual Studio 15
VisualStudioVersion = 15.0.28307.329
MinimumVisualStudioVersion = 10.0.40219.1
Project("{FAE04EC0-301F-11D3-BF4B-00C04F79EFBC}") = "PrisWordCounter", "PrisWordCounter\PrisWordCounter.csproj", "{0746621C-A695-48BB-ACCB-E508319F9652}"
EndProject
Project("{FAE04EC0-301F-11D3-BF4B-00C04F79EFBC}") = "PrisWordCounterTest", "PrisWordCounterTest\PrisWordCounterTest.csproj", "{8DA0CAC4-ED35-4A83-B7B3-5A0E978A48AE}"
EndProject
Global
	GlobalSection(SolutionConfigurationPlatforms) = preSolution
		Debug|Any CPU = Debug|Any CPU
		Release|Any CPU = Release|Any CPU
	EndGlobalSection
	GlobalSection(ProjectConfigurationPlatforms) = postSolution
		{0746621C-A695-48BB-ACCB-E508319F9652}.Debug|Any CPU.ActiveCfg = Debug|Any CPU
		{0746621C-A695-48BB-ACCB-E508319F9652}.Debug|Any CPU.Build.0 = Debug|Any CPU
		{0746621C-A695-48BB-ACCB-E508319F9652}.Release|Any CPU.ActiveCfg = Release|Any CPU
		{0746621C-A695-48BB-ACCB-E508319F9652}.Release|Any CPU.Build.0 = Release|Any CPU
		{8DA0CAC4-ED35-4A83-B7B3-5A0E978A48AE}.Debug|Any CPU.ActiveCfg = Debug|Any CPU
		{8DA0CAC4-ED35-4A83-B7B3-5A0E978A48AE}.Debug|Any CPU.Build.0 = Debug|Any CPU
		{8DA0CAC4-ED35-4A83-B7B3-5A0E978A48AE}.Release|Any CPU.ActiveCfg = Release|Any CPU
		{8DA0CAC4-ED35-4A83-B7B3-5A0E978A48AE}.Release|Any CPU.Build.0 = Release|Any CPU
	EndGlobalSection
	GlobalSection(SolutionProperties) = preSolution
		HideSolutionNode = FALSE
	EndGlobalSection
	GlobalSection(ExtensibilityGlobals) = postSolution
		SolutionGuid = {F31EDAC9-CF6C-4CA4-8E90-DBB0BF0F47C9}
	EndGlobalSection
EndGlobal
